
Microsoft Visual Studio Solution File, Format Version 12.00
# Visual Studio Version 17
VisualStudioVersion = 17.9.34728.123
MinimumVisualStudioVersion = 10.0.40219.1
Project("{9A19103F-16F7-4668-BE54-9A1E7A4F7556}") = "DiagramManager", "projects\DiagramManager\DiagramManager.csproj", "{0C556B6C-7605-44FA-BDF8-C977058342F9}"
EndProject
Project("{9A19103F-16F7-4668-BE54-9A1E7A4F7556}") = "DiagramManager.Tests", "projects\DiagramManager.Tests\DiagramManager.Tests.csproj", "{60C517A8-8607-49EF-9CCA-F020E499ABF8}"
EndProject
Project("{2150E333-8FDC-42A3-9474-1A3956D46DE8}") = "Solution Items", "Solution Items", "{EF10DA00-A9B0-44C7-9750-9C5D60DDD78D}"
	ProjectSection(SolutionItems) = preProject
		.gitignore = .gitignore
		LICENSE = LICENSE
	EndProjectSection
EndProject
Global
	GlobalSection(SolutionConfigurationPlatforms) = preSolution
		Debug|Any CPU = Debug|Any CPU
		Release|Any CPU = Release|Any CPU
	EndGlobalSection
	GlobalSection(ProjectConfigurationPlatforms) = postSolution
		{0C556B6C-7605-44FA-BDF8-C977058342F9}.Debug|Any CPU.ActiveCfg = Debug|Any CPU
		{0C556B6C-7605-44FA-BDF8-C977058342F9}.Debug|Any CPU.Build.0 = Debug|Any CPU
		{0C556B6C-7605-44FA-BDF8-C977058342F9}.Release|Any CPU.ActiveCfg = Release|Any CPU
		{0C556B6C-7605-44FA-BDF8-C977058342F9}.Release|Any CPU.Build.0 = Release|Any CPU
		{60C517A8-8607-49EF-9CCA-F020E499ABF8}.Debug|Any CPU.ActiveCfg = Debug|Any CPU
		{60C517A8-8607-49EF-9CCA-F020E499ABF8}.Debug|Any CPU.Build.0 = Debug|Any CPU
		{60C517A8-8607-49EF-9CCA-F020E499ABF8}.Release|Any CPU.ActiveCfg = Release|Any CPU
		{60C517A8-8607-49EF-9CCA-F020E499ABF8}.Release|Any CPU.Build.0 = Release|Any CPU
	EndGlobalSection
	GlobalSection(SolutionProperties) = preSolution
		HideSolutionNode = FALSE
	EndGlobalSection
	GlobalSection(ExtensibilityGlobals) = postSolution
		SolutionGuid = {380540D3-D594-4752-9D36-7145AC081561}
	EndGlobalSection
EndGlobal
